<?xml version="1.0" encoding="utf-8"?>
<Project ToolsVersion="4.0" xmlns="http://schemas.microsoft.com/developer/msbuild/2003">
  <ItemGroup>
    <Filter Include="Source Files">
      <UniqueIdentifier>{4FC737F1-C7A5-4376-A066-2A32D752A2FF}</UniqueIdentifier>
      <Extensions>cpp;c;cc;cxx;def;odl;idl;hpj;bat;asm;asmx</Extensions>
    </Filter>
    <Filter Include="Header Files">
      <UniqueIdentifier>{93995380-89BD-4b04-88EB-625FBE52EBFB}</UniqueIdentifier>
      <Extensions>h;hpp;hxx;hm;inl;inc;xsd</Extensions>
    </Filter>
    <Filter Include="Resource Files">
      <UniqueIdentifier>{67DA6AB6-F800-4c08-8B7A-83BB121AAD01}</UniqueIdentifier>
      <Extensions>rc;ico;cur;bmp;dlg;rc2;rct;bin;rgs;gif;jpg;jpeg;jpe;resx;tiff;tif;png;wav;mfcribbon-ms</Extensions>
    </Filter>
  </ItemGroup>
  <ItemGroup>
    <ClCompile Include="OTKMultiBody.cxx">
      <Filter>Source Files</Filter>
    </ClCompile>
    <ClCompile Include="OTKXAssemblyItemOperations.cxx">
      <Filter>Source Files</Filter>
    </ClCompile>
    <ClCompile Include="OTKXAssemblyItemUtils.cxx">
      <Filter>Source Files</Filter>
    </ClCompile>
    <ClCompile Include="OTKXCombinedState.cxx">
      <Filter>Source Files</Filter>
    </ClCompile>
    <ClCompile Include="OTKXCombStateUtils.cxx">
      <Filter>Source Files</Filter>
    </ClCompile>
    <ClCompile Include="OTKXCreateIntfData.cxx">
      <Filter>Source Files</Filter>
    </ClCompile>
    <ClCompile Include="OTKXCreateSection2D.cxx">
      <Filter>Source Files</Filter>
    </ClCompile>
    <ClCompile Include="OTKXCreateSection3D.cxx">
      <Filter>Source Files</Filter>
    </ClCompile>
    <ClCompile Include="OTKXCreateSweep.cxx">
      <Filter>Source Files</Filter>
    </ClCompile>
    <ClCompile Include="OTKXCrossSection.cxx">
      <Filter>Source Files</Filter>
    </ClCompile>
    <ClCompile Include="OTKXDrawing.cxx">
      <Filter>Source Files</Filter>
    </ClCompile>
    <ClCompile Include="OTKXEnum.cxx">
      <Filter>Source Files</Filter>
    </ClCompile>
    <ClCompile Include="OTKXFamilyMember.cxx">
      <Filter>Source Files</Filter>
    </ClCompile>
    <ClCompile Include="OTKXFamilyTable.cxx">
      <Filter>Source Files</Filter>
    </ClCompile>
    <ClCompile Include="OTKXFamilyTableUtils.cxx">
      <Filter>Source Files</Filter>
    </ClCompile>
    <ClCompile Include="OTKXFeatureOperations.cxx">
      <Filter>Source Files</Filter>
    </ClCompile>
    <ClCompile Include="OTKXGeometryUtils.cxx">
      <Filter>Source Files</Filter>
    </ClCompile>
    <ClCompile Include="OTKXIntfDataUtils.cxx">
      <Filter>Source Files</Filter>
    </ClCompile>
    <ClCompile Include="OTKXLayerState.cxx">
      <Filter>Source Files</Filter>
    </ClCompile>
    <ClCompile Include="OTKXLayerStateUtils.cxx">
      <Filter>Source Files</Filter>
    </ClCompile>
    <ClCompile Include="OTKXLights.cxx">
      <Filter>Source Files</Filter>
    </ClCompile>
    <ClCompile Include="OTKXListFeatures.cxx">
      <Filter>Source Files</Filter>
    </ClCompile>
    <ClCompile Include="OTKXMain.cxx">
      <Filter>Source Files</Filter>
    </ClCompile>
    <ClCompile Include="OTKXModelItemsVisiting.cxx">
      <Filter>Source Files</Filter>
    </ClCompile>
    <ClCompile Include="OTKXModelUtils.cxx">
      <Filter>Source Files</Filter>
    </ClCompile>
    <ClCompile Include="OTKXQuickPrint.cxx">
      <Filter>Source Files</Filter>
    </ClCompile>
    <ClCompile Include="OTKXRasterExport.cxx">
      <Filter>Source Files</Filter>
    </ClCompile>
    <ClCompile Include="OTKXSaveFeatUtils.cxx">
      <Filter>Source Files</Filter>
    </ClCompile>
    <ClCompile Include="OTKXServerOperations.cxx">
      <Filter>Source Files</Filter>
    </ClCompile>
    <ClCompile Include="OTKXSessionUtils.cxx">
      <Filter>Source Files</Filter>
    </ClCompile>
    <ClCompile Include="OTKXSolidActionListener.cxx">
      <Filter>Source Files</Filter>
    </ClCompile>
    <ClCompile Include="OTKXString.cxx">
      <Filter>Source Files</Filter>
    </ClCompile>
    <ClCompile Include="OTKXUDF.cxx">
      <Filter>Source Files</Filter>
    </ClCompile>
    <ClCompile Include="OTKXUIFCDialog.cxx">
      <Filter>Source Files</Filter>
    </ClCompile>
    <ClCompile Include="OTKXUIFCNakedWin.cxx">
      <Filter>Source Files</Filter>
    </ClCompile>
    <ClCompile Include="OTKXWriteFeatAsCxx.cxx">
      <Filter>Source Files</Filter>
    </ClCompile>
  </ItemGroup>
</Project>